
Microsoft Visual Studio Solution File, Format Version 12.00
# Visual Studio Version 17
VisualStudioVersion = 17.5.002.0
MinimumVisualStudioVersion = 10.0.40219.1
Project("{9A19103F-16F7-4668-BE54-9A1E7A4F7556}") = "ConsoleApp1", "ConsoleApp1.csproj", "{033C3B30-3D48-4F2B-86C2-CDA9C5F28494}"
EndProject
Global
	GlobalSection(SolutionConfigurationPlatforms) = preSolution
		Debug|Any CPU = Debug|Any CPU
		Release|Any CPU = Release|Any CPU
	EndGlobalSection
	GlobalSection(ProjectConfigurationPlatforms) = postSolution
		{033C3B30-3D48-4F2B-86C2-CDA9C5F28494}.Debug|Any CPU.ActiveCfg = Debug|Any CPU
		{033C3B30-3D48-4F2B-86C2-CDA9C5F28494}.Debug|Any CPU.Build.0 = Debug|Any CPU
		{033C3B30-3D48-4F2B-86C2-CDA9C5F28494}.Release|Any CPU.ActiveCfg = Release|Any CPU
		{033C3B30-3D48-4F2B-86C2-CDA9C5F28494}.Release|Any CPU.Build.0 = Release|Any CPU
	EndGlobalSection
	GlobalSection(SolutionProperties) = preSolution
		HideSolutionNode = FALSE
	EndGlobalSection
	GlobalSection(ExtensibilityGlobals) = postSolution
		SolutionGuid = {069DDABB-421F-4470-9D3B-065E1BAE6D6D}
	EndGlobalSection
EndGlobal
